
Microsoft Visual Studio Solution File, Format Version 12.00
# Visual Studio Version 16
VisualStudioVersion = 16.0.31624.102
MinimumVisualStudioVersion = 10.0.40219.1
Project("{FAE04EC0-301F-11D3-BF4B-00C04F79EFBC}") = "ClassLibraryMindBox", "ClassLibraryMindBox\ClassLibraryMindBox.csproj", "{BC660FAF-EAF5-4109-9372-69190FD83D2E}"
EndProject
Global
	GlobalSection(SolutionConfigurationPlatforms) = preSolution
		Debug|Any CPU = Debug|Any CPU
		Release|Any CPU = Release|Any CPU
	EndGlobalSection
	GlobalSection(ProjectConfigurationPlatforms) = postSolution
		{BC660FAF-EAF5-4109-9372-69190FD83D2E}.Debug|Any CPU.ActiveCfg = Debug|Any CPU
		{BC660FAF-EAF5-4109-9372-69190FD83D2E}.Debug|Any CPU.Build.0 = Debug|Any CPU
		{BC660FAF-EAF5-4109-9372-69190FD83D2E}.Release|Any CPU.ActiveCfg = Release|Any CPU
		{BC660FAF-EAF5-4109-9372-69190FD83D2E}.Release|Any CPU.Build.0 = Release|Any CPU
	EndGlobalSection
	GlobalSection(SolutionProperties) = preSolution
		HideSolutionNode = FALSE
	EndGlobalSection
	GlobalSection(ExtensibilityGlobals) = postSolution
		SolutionGuid = {D195CD73-3693-4184-AB34-79B83BD4D56E}
	EndGlobalSection
EndGlobal
